
Microsoft Visual Studio Solution File, Format Version 12.00
# Visual Studio 15
VisualStudioVersion = 15.0.28010.2016
MinimumVisualStudioVersion = 10.0.40219.1
Project("{FAE04EC0-301F-11D3-BF4B-00C04F79EFBC}") = "tdd-assessment", "tdd-assessment\tdd-assessment.csproj", "{B0FB8624-4898-4BB9-822D-C9A5F4AD7DE2}"
EndProject
Project("{FAE04EC0-301F-11D3-BF4B-00C04F79EFBC}") = "tdd-assessment-unit-test", "tdd-assessment-unit-test\tdd-assessment-unit-test.csproj", "{EBC7DA8F-513E-4451-B701-314EEB82FBE1}"
EndProject
Global
	GlobalSection(SolutionConfigurationPlatforms) = preSolution
		Debug|Any CPU = Debug|Any CPU
		Release|Any CPU = Release|Any CPU
	EndGlobalSection
	GlobalSection(ProjectConfigurationPlatforms) = postSolution
		{B0FB8624-4898-4BB9-822D-C9A5F4AD7DE2}.Debug|Any CPU.ActiveCfg = Debug|Any CPU
		{B0FB8624-4898-4BB9-822D-C9A5F4AD7DE2}.Debug|Any CPU.Build.0 = Debug|Any CPU
		{B0FB8624-4898-4BB9-822D-C9A5F4AD7DE2}.Release|Any CPU.ActiveCfg = Release|Any CPU
		{B0FB8624-4898-4BB9-822D-C9A5F4AD7DE2}.Release|Any CPU.Build.0 = Release|Any CPU
		{EBC7DA8F-513E-4451-B701-314EEB82FBE1}.Debug|Any CPU.ActiveCfg = Debug|Any CPU
		{EBC7DA8F-513E-4451-B701-314EEB82FBE1}.Debug|Any CPU.Build.0 = Debug|Any CPU
		{EBC7DA8F-513E-4451-B701-314EEB82FBE1}.Release|Any CPU.ActiveCfg = Release|Any CPU
		{EBC7DA8F-513E-4451-B701-314EEB82FBE1}.Release|Any CPU.Build.0 = Release|Any CPU
	EndGlobalSection
	GlobalSection(SolutionProperties) = preSolution
		HideSolutionNode = FALSE
	EndGlobalSection
	GlobalSection(ExtensibilityGlobals) = postSolution
		SolutionGuid = {61B38B4D-0891-4ECB-8372-E16C5A566180}
	EndGlobalSection
EndGlobal
